
Microsoft Visual Studio Solution File, Format Version 12.00
# Visual Studio Version 17
VisualStudioVersion = 17.6.33723.286
MinimumVisualStudioVersion = 10.0.40219.1
Project("{9A19103F-16F7-4668-BE54-9A1E7A4F7556}") = "LowSpecGaming", "LowSpecGaming.csproj", "{28A8BFC3-F76D-42AC-82B7-8EC944B89C8E}"
EndProject
Global
	GlobalSection(SolutionConfigurationPlatforms) = preSolution
		Debug|Any CPU = Debug|Any CPU
		Release|Any CPU = Release|Any CPU
	EndGlobalSection
	GlobalSection(ProjectConfigurationPlatforms) = postSolution
		{28A8BFC3-F76D-42AC-82B7-8EC944B89C8E}.Debug|Any CPU.ActiveCfg = Debug|Any CPU
		{28A8BFC3-F76D-42AC-82B7-8EC944B89C8E}.Debug|Any CPU.Build.0 = Debug|Any CPU
		{28A8BFC3-F76D-42AC-82B7-8EC944B89C8E}.Release|Any CPU.ActiveCfg = Release|Any CPU
		{28A8BFC3-F76D-42AC-82B7-8EC944B89C8E}.Release|Any CPU.Build.0 = Release|Any CPU
	EndGlobalSection
	GlobalSection(SolutionProperties) = preSolution
		HideSolutionNode = FALSE
	EndGlobalSection
	GlobalSection(ExtensibilityGlobals) = postSolution
		SolutionGuid = {E65DBD54-530E-4D30-A429-99F812C70393}
	EndGlobalSection
EndGlobal
